
Microsoft Visual Studio Solution File, Format Version 12.00
# Visual Studio 15
VisualStudioVersion = 15.0.28307.421
MinimumVisualStudioVersion = 10.0.40219.1
Project("{FAE04EC0-301F-11D3-BF4B-00C04F79EFBC}") = "A2", "A2\A2.csproj", "{FAB0506A-F7A2-4479-8729-26C1BF898C26}"
EndProject
Project("{FAE04EC0-301F-11D3-BF4B-00C04F79EFBC}") = "A2Tests", "A2Tests\A2Tests.csproj", "{4E423A85-EB3E-41BB-A70F-7476A68DADE2}"
EndProject
Project("{FAE04EC0-301F-11D3-BF4B-00C04F79EFBC}") = "TestCommon", "..\Common\TestCommon\TestCommon.csproj", "{C39FF0C4-6960-42AD-8E2C-D2CAFE850A52}"
EndProject
Global
	GlobalSection(SolutionConfigurationPlatforms) = preSolution
		Debug|Any CPU = Debug|Any CPU
		Release|Any CPU = Release|Any CPU
	EndGlobalSection
	GlobalSection(ProjectConfigurationPlatforms) = postSolution
		{FAB0506A-F7A2-4479-8729-26C1BF898C26}.Debug|Any CPU.ActiveCfg = Debug|Any CPU
		{FAB0506A-F7A2-4479-8729-26C1BF898C26}.Debug|Any CPU.Build.0 = Debug|Any CPU
		{FAB0506A-F7A2-4479-8729-26C1BF898C26}.Release|Any CPU.ActiveCfg = Release|Any CPU
		{FAB0506A-F7A2-4479-8729-26C1BF898C26}.Release|Any CPU.Build.0 = Release|Any CPU
		{4E423A85-EB3E-41BB-A70F-7476A68DADE2}.Debug|Any CPU.ActiveCfg = Debug|Any CPU
		{4E423A85-EB3E-41BB-A70F-7476A68DADE2}.Debug|Any CPU.Build.0 = Debug|Any CPU
		{4E423A85-EB3E-41BB-A70F-7476A68DADE2}.Release|Any CPU.ActiveCfg = Release|Any CPU
		{4E423A85-EB3E-41BB-A70F-7476A68DADE2}.Release|Any CPU.Build.0 = Release|Any CPU
		{C39FF0C4-6960-42AD-8E2C-D2CAFE850A52}.Debug|Any CPU.ActiveCfg = Debug|Any CPU
		{C39FF0C4-6960-42AD-8E2C-D2CAFE850A52}.Debug|Any CPU.Build.0 = Debug|Any CPU
		{C39FF0C4-6960-42AD-8E2C-D2CAFE850A52}.Release|Any CPU.ActiveCfg = Release|Any CPU
		{C39FF0C4-6960-42AD-8E2C-D2CAFE850A52}.Release|Any CPU.Build.0 = Release|Any CPU
	EndGlobalSection
	GlobalSection(SolutionProperties) = preSolution
		HideSolutionNode = FALSE
	EndGlobalSection
	GlobalSection(ExtensibilityGlobals) = postSolution
		SolutionGuid = {E88F720A-DBBA-4673-B869-8ADB0D0E8C7F}
	EndGlobalSection
EndGlobal
